
Microsoft Visual Studio Solution File, Format Version 12.00
# Visual Studio Version 16
VisualStudioVersion = 16.0.810.8
MinimumVisualStudioVersion = 10.0.40219.1
Project("{FAE04EC0-301F-11D3-BF4B-00C04F79EFBC}") = "EnhancedReactionController", "EnhancedReactionController\EnhancedReactionController.csproj", "{FECDC8E8-8E1E-4871-83D3-118624AE09E9}"
EndProject
Global
	GlobalSection(SolutionConfigurationPlatforms) = preSolution
		Debug|Any CPU = Debug|Any CPU
		Release|Any CPU = Release|Any CPU
	EndGlobalSection
	GlobalSection(ProjectConfigurationPlatforms) = postSolution
		{FECDC8E8-8E1E-4871-83D3-118624AE09E9}.Debug|Any CPU.ActiveCfg = Debug|Any CPU
		{FECDC8E8-8E1E-4871-83D3-118624AE09E9}.Debug|Any CPU.Build.0 = Debug|Any CPU
		{FECDC8E8-8E1E-4871-83D3-118624AE09E9}.Release|Any CPU.ActiveCfg = Release|Any CPU
		{FECDC8E8-8E1E-4871-83D3-118624AE09E9}.Release|Any CPU.Build.0 = Release|Any CPU
	EndGlobalSection
	GlobalSection(SolutionProperties) = preSolution
		HideSolutionNode = FALSE
	EndGlobalSection
	GlobalSection(ExtensibilityGlobals) = postSolution
		SolutionGuid = {53C85F46-083E-460C-9186-428F3056E4CD}
	EndGlobalSection
EndGlobal
