
Microsoft Visual Studio Solution File, Format Version 12.00
# Visual Studio Version 16
VisualStudioVersion = 16.0.810.6
MinimumVisualStudioVersion = 10.0.40219.1
Project("{FAE04EC0-301F-11D3-BF4B-00C04F79EFBC}") = "AccountTask", "AccountTask\AccountTask.csproj", "{F18FD5E5-2E90-4FA0-AFE4-48A67FBD24FE}"
EndProject
Global
	GlobalSection(SolutionConfigurationPlatforms) = preSolution
		Debug|Any CPU = Debug|Any CPU
		Release|Any CPU = Release|Any CPU
	EndGlobalSection
	GlobalSection(ProjectConfigurationPlatforms) = postSolution
		{F18FD5E5-2E90-4FA0-AFE4-48A67FBD24FE}.Debug|Any CPU.ActiveCfg = Debug|Any CPU
		{F18FD5E5-2E90-4FA0-AFE4-48A67FBD24FE}.Debug|Any CPU.Build.0 = Debug|Any CPU
		{F18FD5E5-2E90-4FA0-AFE4-48A67FBD24FE}.Release|Any CPU.ActiveCfg = Release|Any CPU
		{F18FD5E5-2E90-4FA0-AFE4-48A67FBD24FE}.Release|Any CPU.Build.0 = Release|Any CPU
	EndGlobalSection
	GlobalSection(SolutionProperties) = preSolution
		HideSolutionNode = FALSE
	EndGlobalSection
	GlobalSection(ExtensibilityGlobals) = postSolution
		SolutionGuid = {1D54369A-B533-433E-AA83-6B69ACED0785}
	EndGlobalSection
EndGlobal
