
Microsoft Visual Studio Solution File, Format Version 12.00
# Visual Studio Version 16
VisualStudioVersion = 16.0.810.8
MinimumVisualStudioVersion = 10.0.40219.1
Project("{FAE04EC0-301F-11D3-BF4B-00C04F79EFBC}") = "EnhancedReactionMachineTester", "EnhancedReactionMachineTester\EnhancedReactionMachineTester.csproj", "{ADA6A160-EBA4-4658-BE9C-158E74382731}"
EndProject
Global
	GlobalSection(SolutionConfigurationPlatforms) = preSolution
		Debug|Any CPU = Debug|Any CPU
		Release|Any CPU = Release|Any CPU
	EndGlobalSection
	GlobalSection(ProjectConfigurationPlatforms) = postSolution
		{ADA6A160-EBA4-4658-BE9C-158E74382731}.Debug|Any CPU.ActiveCfg = Debug|Any CPU
		{ADA6A160-EBA4-4658-BE9C-158E74382731}.Debug|Any CPU.Build.0 = Debug|Any CPU
		{ADA6A160-EBA4-4658-BE9C-158E74382731}.Release|Any CPU.ActiveCfg = Release|Any CPU
		{ADA6A160-EBA4-4658-BE9C-158E74382731}.Release|Any CPU.Build.0 = Release|Any CPU
	EndGlobalSection
	GlobalSection(SolutionProperties) = preSolution
		HideSolutionNode = FALSE
	EndGlobalSection
	GlobalSection(ExtensibilityGlobals) = postSolution
		SolutionGuid = {F14E3A44-1832-47F7-A61A-EE72C2641FD3}
	EndGlobalSection
EndGlobal
