
Microsoft Visual Studio Solution File, Format Version 12.00
# Visual Studio Version 16
VisualStudioVersion = 16.0.810.8
MinimumVisualStudioVersion = 10.0.40219.1
Project("{FAE04EC0-301F-11D3-BF4B-00C04F79EFBC}") = "SimpleReactionMachineTester", "SimpleReactionMachineTester\SimpleReactionMachineTester.csproj", "{760E5D6B-0E75-44EF-91C5-72CF3AD8782E}"
EndProject
Global
	GlobalSection(SolutionConfigurationPlatforms) = preSolution
		Debug|Any CPU = Debug|Any CPU
		Release|Any CPU = Release|Any CPU
	EndGlobalSection
	GlobalSection(ProjectConfigurationPlatforms) = postSolution
		{760E5D6B-0E75-44EF-91C5-72CF3AD8782E}.Debug|Any CPU.ActiveCfg = Debug|Any CPU
		{760E5D6B-0E75-44EF-91C5-72CF3AD8782E}.Debug|Any CPU.Build.0 = Debug|Any CPU
		{760E5D6B-0E75-44EF-91C5-72CF3AD8782E}.Release|Any CPU.ActiveCfg = Release|Any CPU
		{760E5D6B-0E75-44EF-91C5-72CF3AD8782E}.Release|Any CPU.Build.0 = Release|Any CPU
	EndGlobalSection
	GlobalSection(SolutionProperties) = preSolution
		HideSolutionNode = FALSE
	EndGlobalSection
	GlobalSection(ExtensibilityGlobals) = postSolution
		SolutionGuid = {A6354896-70F1-4385-95D6-740E11F41BCD}
	EndGlobalSection
EndGlobal
