
Microsoft Visual Studio Solution File, Format Version 12.00
# Visual Studio Version 16
VisualStudioVersion = 16.0.810.6
MinimumVisualStudioVersion = 10.0.40219.1
Project("{FAE04EC0-301F-11D3-BF4B-00C04F79EFBC}") = "FinalCodeBuggy", "FinalCodeBuggy\FinalCodeBuggy.csproj", "{F438033B-D82E-4E48-B278-57CEA25B06BF}"
EndProject
Global
	GlobalSection(SolutionConfigurationPlatforms) = preSolution
		Debug|Any CPU = Debug|Any CPU
		Release|Any CPU = Release|Any CPU
	EndGlobalSection
	GlobalSection(ProjectConfigurationPlatforms) = postSolution
		{F438033B-D82E-4E48-B278-57CEA25B06BF}.Debug|Any CPU.ActiveCfg = Debug|Any CPU
		{F438033B-D82E-4E48-B278-57CEA25B06BF}.Debug|Any CPU.Build.0 = Debug|Any CPU
		{F438033B-D82E-4E48-B278-57CEA25B06BF}.Release|Any CPU.ActiveCfg = Release|Any CPU
		{F438033B-D82E-4E48-B278-57CEA25B06BF}.Release|Any CPU.Build.0 = Release|Any CPU
	EndGlobalSection
	GlobalSection(SolutionProperties) = preSolution
		HideSolutionNode = FALSE
	EndGlobalSection
	GlobalSection(ExtensibilityGlobals) = postSolution
		SolutionGuid = {5B34AE03-8E65-49FD-93D8-66EFCC0E6E38}
	EndGlobalSection
EndGlobal
