
Microsoft Visual Studio Solution File, Format Version 12.00
# Visual Studio Version 16
VisualStudioVersion = 16.0.810.6
MinimumVisualStudioVersion = 10.0.40219.1
Project("{FAE04EC0-301F-11D3-BF4B-00C04F79EFBC}") = "Week5.2", "Week5.2\Week5.2.csproj", "{90B55237-B838-47C6-BCDD-2103A0C9BC8C}"
EndProject
Global
	GlobalSection(SolutionConfigurationPlatforms) = preSolution
		Debug|Any CPU = Debug|Any CPU
		Release|Any CPU = Release|Any CPU
	EndGlobalSection
	GlobalSection(ProjectConfigurationPlatforms) = postSolution
		{90B55237-B838-47C6-BCDD-2103A0C9BC8C}.Debug|Any CPU.ActiveCfg = Debug|Any CPU
		{90B55237-B838-47C6-BCDD-2103A0C9BC8C}.Debug|Any CPU.Build.0 = Debug|Any CPU
		{90B55237-B838-47C6-BCDD-2103A0C9BC8C}.Release|Any CPU.ActiveCfg = Release|Any CPU
		{90B55237-B838-47C6-BCDD-2103A0C9BC8C}.Release|Any CPU.Build.0 = Release|Any CPU
	EndGlobalSection
	GlobalSection(SolutionProperties) = preSolution
		HideSolutionNode = FALSE
	EndGlobalSection
	GlobalSection(ExtensibilityGlobals) = postSolution
		SolutionGuid = {1BEEAD54-A92C-4B4C-A954-0FAB2B821724}
	EndGlobalSection
EndGlobal
