
Microsoft Visual Studio Solution File, Format Version 12.00
# Visual Studio Version 16
VisualStudioVersion = 16.0.810.6
MinimumVisualStudioVersion = 10.0.40219.1
Project("{FAE04EC0-301F-11D3-BF4B-00C04F79EFBC}") = "MobileTask", "MobileTask\MobileTask.csproj", "{CDDEBEFA-312C-4B1D-81EC-732C8E868509}"
EndProject
Global
	GlobalSection(SolutionConfigurationPlatforms) = preSolution
		Debug|Any CPU = Debug|Any CPU
		Release|Any CPU = Release|Any CPU
	EndGlobalSection
	GlobalSection(ProjectConfigurationPlatforms) = postSolution
		{CDDEBEFA-312C-4B1D-81EC-732C8E868509}.Debug|Any CPU.ActiveCfg = Debug|Any CPU
		{CDDEBEFA-312C-4B1D-81EC-732C8E868509}.Debug|Any CPU.Build.0 = Debug|Any CPU
		{CDDEBEFA-312C-4B1D-81EC-732C8E868509}.Release|Any CPU.ActiveCfg = Release|Any CPU
		{CDDEBEFA-312C-4B1D-81EC-732C8E868509}.Release|Any CPU.Build.0 = Release|Any CPU
	EndGlobalSection
	GlobalSection(SolutionProperties) = preSolution
		HideSolutionNode = FALSE
	EndGlobalSection
	GlobalSection(ExtensibilityGlobals) = postSolution
		SolutionGuid = {FC078CAE-8A31-4882-BB1C-30B246F2AE75}
	EndGlobalSection
EndGlobal
